
Microsoft Visual Studio Solution File, Format Version 12.00
# Visual Studio Version 17
VisualStudioVersion = 17.12.35506.116
MinimumVisualStudioVersion = 10.0.40219.1
Project("{FAE04EC0-301F-11D3-BF4B-00C04F79EFBC}") = "WebApi", "WebApi\WebApi.csproj", "{AB810553-CA60-44DF-883C-E5B94D6FB024}"
EndProject
Project("{FAE04EC0-301F-11D3-BF4B-00C04F79EFBC}") = "Entities", "Entities\Entities.csproj", "{BE814960-C08F-43CF-87B1-47947F657A99}"
EndProject
Project("{FAE04EC0-301F-11D3-BF4B-00C04F79EFBC}") = "Repositories", "Repositories\Repositories.csproj", "{03A0A3E5-2B65-4A1C-8053-FC73EE62A886}"
EndProject
Project("{FAE04EC0-301F-11D3-BF4B-00C04F79EFBC}") = "Services", "Services\Services.csproj", "{4FB51073-B1B9-46D7-8668-9C75818C09E2}"
EndProject
Project("{FAE04EC0-301F-11D3-BF4B-00C04F79EFBC}") = "Presentation", "Presentation\Presentation.csproj", "{11AE19D1-A841-426B-9ED3-C95DBEC63D99}"
EndProject
Global
	GlobalSection(SolutionConfigurationPlatforms) = preSolution
		Debug|Any CPU = Debug|Any CPU
		Release|Any CPU = Release|Any CPU
	EndGlobalSection
	GlobalSection(ProjectConfigurationPlatforms) = postSolution
		{AB810553-CA60-44DF-883C-E5B94D6FB024}.Debug|Any CPU.ActiveCfg = Debug|Any CPU
		{AB810553-CA60-44DF-883C-E5B94D6FB024}.Debug|Any CPU.Build.0 = Debug|Any CPU
		{AB810553-CA60-44DF-883C-E5B94D6FB024}.Release|Any CPU.ActiveCfg = Release|Any CPU
		{AB810553-CA60-44DF-883C-E5B94D6FB024}.Release|Any CPU.Build.0 = Release|Any CPU
		{BE814960-C08F-43CF-87B1-47947F657A99}.Debug|Any CPU.ActiveCfg = Debug|Any CPU
		{BE814960-C08F-43CF-87B1-47947F657A99}.Debug|Any CPU.Build.0 = Debug|Any CPU
		{BE814960-C08F-43CF-87B1-47947F657A99}.Release|Any CPU.ActiveCfg = Release|Any CPU
		{BE814960-C08F-43CF-87B1-47947F657A99}.Release|Any CPU.Build.0 = Release|Any CPU
		{03A0A3E5-2B65-4A1C-8053-FC73EE62A886}.Debug|Any CPU.ActiveCfg = Debug|Any CPU
		{03A0A3E5-2B65-4A1C-8053-FC73EE62A886}.Debug|Any CPU.Build.0 = Debug|Any CPU
		{03A0A3E5-2B65-4A1C-8053-FC73EE62A886}.Release|Any CPU.ActiveCfg = Release|Any CPU
		{03A0A3E5-2B65-4A1C-8053-FC73EE62A886}.Release|Any CPU.Build.0 = Release|Any CPU
		{4FB51073-B1B9-46D7-8668-9C75818C09E2}.Debug|Any CPU.ActiveCfg = Debug|Any CPU
		{4FB51073-B1B9-46D7-8668-9C75818C09E2}.Debug|Any CPU.Build.0 = Debug|Any CPU
		{4FB51073-B1B9-46D7-8668-9C75818C09E2}.Release|Any CPU.ActiveCfg = Release|Any CPU
		{4FB51073-B1B9-46D7-8668-9C75818C09E2}.Release|Any CPU.Build.0 = Release|Any CPU
		{11AE19D1-A841-426B-9ED3-C95DBEC63D99}.Debug|Any CPU.ActiveCfg = Debug|Any CPU
		{11AE19D1-A841-426B-9ED3-C95DBEC63D99}.Debug|Any CPU.Build.0 = Debug|Any CPU
		{11AE19D1-A841-426B-9ED3-C95DBEC63D99}.Release|Any CPU.ActiveCfg = Release|Any CPU
		{11AE19D1-A841-426B-9ED3-C95DBEC63D99}.Release|Any CPU.Build.0 = Release|Any CPU
	EndGlobalSection
	GlobalSection(SolutionProperties) = preSolution
		HideSolutionNode = FALSE
	EndGlobalSection
EndGlobal
